Microsoft Visual Studio Solution File, Format Version 12.00
# Visual Studio Version 17
VisualStudioVersion = 17.5.2.0
MinimumVisualStudioVersion = 10.0.40219.1
Project("{FAE04EC0-301F-11D3-BF4B-00C04F79EFBC}") = "ImageLabeler", "ImageLabeler.csproj", "{197FC120-DFAC-0109-9367-CE7E3779E1C8}"
EndProject
Global
	GlobalSection(SolutionConfigurationPlatforms) = preSolution
		Debug|Any CPU = Debug|Any CPU
		Release|Any CPU = Release|Any CPU
	EndGlobalSection
	GlobalSection(ProjectConfigurationPlatforms) = postSolution
		{197FC120-DFAC-0109-9367-CE7E3779E1C8}.Debug|Any CPU.ActiveCfg = Debug|Any CPU
		{197FC120-DFAC-0109-9367-CE7E3779E1C8}.Debug|Any CPU.Build.0 = Debug|Any CPU
		{197FC120-DFAC-0109-9367-CE7E3779E1C8}.Release|Any CPU.ActiveCfg = Release|Any CPU
		{197FC120-DFAC-0109-9367-CE7E3779E1C8}.Release|Any CPU.Build.0 = Release|Any CPU
	EndGlobalSection
	GlobalSection(SolutionProperties) = preSolution
		HideSolutionNode = FALSE
	EndGlobalSection
	GlobalSection(ExtensibilityGlobals) = postSolution
		SolutionGuid = {8AFA428C-4894-4F01-9A95-8888709E6D70}
	EndGlobalSection
EndGlobal
